
Microsoft Visual Studio Solution File, Format Version 12.00
# Visual Studio 14
VisualStudioVersion = 14.0.24720.0
MinimumVisualStudioVersion = 10.0.40219.1
Project("{FAE04EC0-301F-11D3-BF4B-00C04F79EFBC}") = "WPF-SAT-FOTOGRAPHY", "WPF-SAT-FOTOGRAPHY\WPF-SAT-FOTOGRAPHY.csproj", "{F1442F18-E365-40A3-B7F6-5C45699422AD}"
EndProject
Global
	GlobalSection(SolutionConfigurationPlatforms) = preSolution
		Debug|Any CPU = Debug|Any CPU
		Release|Any CPU = Release|Any CPU
	EndGlobalSection
	GlobalSection(ProjectConfigurationPlatforms) = postSolution
		{F1442F18-E365-40A3-B7F6-5C45699422AD}.Debug|Any CPU.ActiveCfg = Debug|Any CPU
		{F1442F18-E365-40A3-B7F6-5C45699422AD}.Debug|Any CPU.Build.0 = Debug|Any CPU
		{F1442F18-E365-40A3-B7F6-5C45699422AD}.Release|Any CPU.ActiveCfg = Release|Any CPU
		{F1442F18-E365-40A3-B7F6-5C45699422AD}.Release|Any CPU.Build.0 = Release|Any CPU
	EndGlobalSection
	GlobalSection(SolutionProperties) = preSolution
		HideSolutionNode = FALSE
	EndGlobalSection
EndGlobal
